
Microsoft Visual Studio Solution File, Format Version 12.00
# Visual Studio Version 17
VisualStudioVersion = 17.8.34525.116
MinimumVisualStudioVersion = 10.0.40219.1
Project("{FAE04EC0-301F-11D3-BF4B-00C04F79EFBC}") = "Uply.Infrastructure", "src\Uply.Infrastructure\Uply.Infrastructure.csproj", "{1BA584B3-515B-431F-B536-3857FB9E231F}"
EndProject
Project("{FAE04EC0-301F-11D3-BF4B-00C04F79EFBC}") = "Uply.Domain", "src\Uply.Domain\Uply.Domain.csproj", "{AE320243-EBDF-4136-A22F-0BE37CBAE150}"
EndProject
Project("{FAE04EC0-301F-11D3-BF4B-00C04F79EFBC}") = "Uply.Web", "src\Uply.Web\Uply.Web.csproj", "{CE868933-FCA4-4FD6-91EB-58621472C85C}"
EndProject
Global
	GlobalSection(SolutionConfigurationPlatforms) = preSolution
		Debug|Any CPU = Debug|Any CPU
		Release|Any CPU = Release|Any CPU
	EndGlobalSection
	GlobalSection(ProjectConfigurationPlatforms) = postSolution
		{1528F16C-F27A-4D6A-B1C6-82669592C686}.Debug|Any CPU.ActiveCfg = Debug|Any CPU
		{1528F16C-F27A-4D6A-B1C6-82669592C686}.Debug|Any CPU.Build.0 = Debug|Any CPU
		{1528F16C-F27A-4D6A-B1C6-82669592C686}.Release|Any CPU.ActiveCfg = Release|Any CPU
		{1528F16C-F27A-4D6A-B1C6-82669592C686}.Release|Any CPU.Build.0 = Release|Any CPU
		{1BA584B3-515B-431F-B536-3857FB9E231F}.Debug|Any CPU.ActiveCfg = Debug|Any CPU
		{1BA584B3-515B-431F-B536-3857FB9E231F}.Debug|Any CPU.Build.0 = Debug|Any CPU
		{1BA584B3-515B-431F-B536-3857FB9E231F}.Release|Any CPU.ActiveCfg = Release|Any CPU
		{1BA584B3-515B-431F-B536-3857FB9E231F}.Release|Any CPU.Build.0 = Release|Any CPU
		{AE320243-EBDF-4136-A22F-0BE37CBAE150}.Debug|Any CPU.ActiveCfg = Debug|Any CPU
		{AE320243-EBDF-4136-A22F-0BE37CBAE150}.Debug|Any CPU.Build.0 = Debug|Any CPU
		{AE320243-EBDF-4136-A22F-0BE37CBAE150}.Release|Any CPU.ActiveCfg = Release|Any CPU
		{AE320243-EBDF-4136-A22F-0BE37CBAE150}.Release|Any CPU.Build.0 = Release|Any CPU
		{CE868933-FCA4-4FD6-91EB-58621472C85C}.Debug|Any CPU.ActiveCfg = Debug|Any CPU
		{CE868933-FCA4-4FD6-91EB-58621472C85C}.Debug|Any CPU.Build.0 = Debug|Any CPU
		{CE868933-FCA4-4FD6-91EB-58621472C85C}.Release|Any CPU.ActiveCfg = Release|Any CPU
		{CE868933-FCA4-4FD6-91EB-58621472C85C}.Release|Any CPU.Build.0 = Release|Any CPU
	EndGlobalSection
	GlobalSection(SolutionProperties) = preSolution
		HideSolutionNode = FALSE
	EndGlobalSection
	GlobalSection(ExtensibilityGlobals) = postSolution
		SolutionGuid = {3465F49B-EEBD-4444-A30F-D18BD5F2F8DC}
	EndGlobalSection
EndGlobal
